
Microsoft Visual Studio Solution File, Format Version 12.00
# Visual Studio Version 17
VisualStudioVersion = 17.8.34408.163
MinimumVisualStudioVersion = 10.0.40219.1
Project("{FAE04EC0-301F-11D3-BF4B-00C04F79EFBC}") = "PhoneNumberDetection", "PhoneNumberDetection\PhoneNumberDetection.csproj", "{184C2C91-426F-4631-BCF8-A10F09BB2B9D}"
EndProject
Global
	GlobalSection(SolutionConfigurationPlatforms) = preSolution
		Debug|Any CPU = Debug|Any CPU
		Release|Any CPU = Release|Any CPU
	EndGlobalSection
	GlobalSection(ProjectConfigurationPlatforms) = postSolution
		{184C2C91-426F-4631-BCF8-A10F09BB2B9D}.Debug|Any CPU.ActiveCfg = Debug|Any CPU
		{184C2C91-426F-4631-BCF8-A10F09BB2B9D}.Debug|Any CPU.Build.0 = Debug|Any CPU
		{184C2C91-426F-4631-BCF8-A10F09BB2B9D}.Release|Any CPU.ActiveCfg = Release|Any CPU
		{184C2C91-426F-4631-BCF8-A10F09BB2B9D}.Release|Any CPU.Build.0 = Release|Any CPU
	EndGlobalSection
	GlobalSection(SolutionProperties) = preSolution
		HideSolutionNode = FALSE
	EndGlobalSection
	GlobalSection(ExtensibilityGlobals) = postSolution
		SolutionGuid = {80366744-8978-493A-817E-12621C55211A}
	EndGlobalSection
EndGlobal
